PODS:
  - Alamofire (4.8.0)
  - AWSCognito (2.8.3):
    - AWSCore (= 2.8.3)
  - AWSCognitoAuth (2.8.3):
    - AWSCognitoIdentityProviderASF (= 1.0.1)
  - AWSCognitoIdentityProvider (2.8.3):
    - AWSCognitoIdentityProviderASF (= 1.0.1)
    - AWSCore (= 2.8.3)
  - AWSCognitoIdentityProviderASF (1.0.1)
  - AWSCore (2.8.3)
  - Novagraph (1.0.16):
    - Alamofire
    - AWSCognito (~> 2.8.2)
    - AWSCognitoAuth (~> 2.8.2)
    - AWSCognitoIdentityProvider (~> 2.8.2)

DEPENDENCIES:
  - AWSCognito (~> 2.8.2)
  - AWSCognitoAuth (~> 2.8.2)
  - AWSCognitoIdentityProvider (~> 2.8.2)
  - Novagraph (from `../`)

SPEC REPOS:
  https://github.com/cocoapods/specs.git:
    - Alamofire
    - AWSCognito
    - AWSCognitoAuth
    - AWSCognitoIdentityProvider
    - AWSCognitoIdentityProviderASF
    - AWSCore

EXTERNAL SOURCES:
  Novagraph:
    :path: "../"

SPEC CHECKSUMS:
  Alamofire: 3ec537f71edc9804815215393ae2b1a8ea33a844
  AWSCognito: 4c6e5c0ca13174991c2405cfaa177872e7477d28
  AWSCognitoAuth: 69c2152dc585869c9108d0c754275b17423e5624
  AWSCognitoIdentityProvider: 5156c6b9c0c3ac10120a7a54e013ec5301a5098b
  AWSCognitoIdentityProviderASF: f94f1a502e72ef3d0a1de93e10bf7a79c8698118
  AWSCore: 9e8204b138a59342a88c62142d6d79491d66ce91
  Novagraph: ff14a64b18e4d959342cc13f73bcacf3f7f81728

PODFILE CHECKSUM: b4a550862164c52dc014751a729d3e2f7712bb81

COCOAPODS: 1.5.3
