PODS:
  - Alamofire (4.8.1)
  - AWSCognito (2.8.4):
    - AWSCore (= 2.8.4)
  - AWSCognitoAuth (2.8.4):
    - AWSCognitoIdentityProviderASF (= 1.0.1)
  - AWSCognitoIdentityProvider (2.8.4):
    - AWSCognitoIdentityProviderASF (= 1.0.1)
    - AWSCore (= 2.8.4)
  - AWSCognitoIdentityProviderASF (1.0.1)
  - AWSCore (2.8.4)
  - Novagraph (1.1.8):
    - Alamofire
    - AWSCognito (~> 2.8.2)
    - AWSCognitoAuth (~> 2.8.2)
    - AWSCognitoIdentityProvider (~> 2.8.2)

DEPENDENCIES:
  - AWSCognito (~> 2.8.2)
  - AWSCognitoAuth (~> 2.8.2)
  - AWSCognitoIdentityProvider (~> 2.8.2)
  - Novagraph (from `../`)

SPEC REPOS:
  https://github.com/cocoapods/specs.git:
    - Alamofire
    - AWSCognito
    - AWSCognitoAuth
    - AWSCognitoIdentityProvider
    - AWSCognitoIdentityProviderASF
    - AWSCore

EXTERNAL SOURCES:
  Novagraph:
    :path: "../"

SPEC CHECKSUMS:
  Alamofire: 16ce2c353fb72865124ddae8a57c5942388f4f11
  AWSCognito: d7f7e9aaa26f163fe2d32114e28f59fa5d996805
  AWSCognitoAuth: e96b8b4bb6b6c0a340cdcf2de5722a692144d157
  AWSCognitoIdentityProvider: ba1858e7524b29254172ae333e1f96ddc93507dc
  AWSCognitoIdentityProviderASF: f94f1a502e72ef3d0a1de93e10bf7a79c8698118
  AWSCore: 734b0d67c2c77f6edae9e5520431a37310ea4193
  Novagraph: f00755a3b75a06b4c71940070198262568c58370

PODFILE CHECKSUM: b4a550862164c52dc014751a729d3e2f7712bb81

COCOAPODS: 1.5.3
